
Microsoft Visual Studio Solution File, Format Version 11.00
# Visual Studio 2010
Project("{FAE04EC0-301F-11D3-BF4B-00C04F79EFBC}") = "test1e10", "test1e10\test1e10.csproj", "{B64F4A82-BE75-498D-8C9C-A4019E9F730A}"
EndProject
Global
	GlobalSection(SolutionConfigurationPlatforms) = preSolution
		Debug|Any CPU = Debug|Any CPU
		Release|Any CPU = Release|Any CPU
	EndGlobalSection
	GlobalSection(ProjectConfigurationPlatforms) = postSolution
		{B64F4A82-BE75-498D-8C9C-A4019E9F730A}.Debug|Any CPU.ActiveCfg = Debug|Any CPU
		{B64F4A82-BE75-498D-8C9C-A4019E9F730A}.Debug|Any CPU.Build.0 = Debug|Any CPU
		{B64F4A82-BE75-498D-8C9C-A4019E9F730A}.Release|Any CPU.ActiveCfg = Release|Any CPU
		{B64F4A82-BE75-498D-8C9C-A4019E9F730A}.Release|Any CPU.Build.0 = Release|Any CPU
	EndGlobalSection
	GlobalSection(SolutionProperties) = preSolution
		HideSolutionNode = FALSE
	EndGlobalSection
EndGlobal
